
Microsoft Visual Studio Solution File, Format Version 12.00
# Visual Studio 15
VisualStudioVersion = 15.0.26730.15
MinimumVisualStudioVersion = 10.0.40219.1
Project("{FAE04EC0-301F-11D3-BF4B-00C04F79EFBC}") = "GenerateMsgTypeMap", "GenerateMsgTypeTypeMap\GenerateMsgTypeMap.csproj", "{C66C7DB2-7F0F-441D-8B8F-5BA890E648E4}"
EndProject
Global
	GlobalSection(SolutionConfigurationPlatforms) = preSolution
		Debug|Any CPU = Debug|Any CPU
		Release|Any CPU = Release|Any CPU
	EndGlobalSection
	GlobalSection(ProjectConfigurationPlatforms) = postSolution
		{C66C7DB2-7F0F-441D-8B8F-5BA890E648E4}.Debug|Any CPU.ActiveCfg = Debug|Any CPU
		{C66C7DB2-7F0F-441D-8B8F-5BA890E648E4}.Debug|Any CPU.Build.0 = Debug|Any CPU
		{C66C7DB2-7F0F-441D-8B8F-5BA890E648E4}.Release|Any CPU.ActiveCfg = Release|Any CPU
		{C66C7DB2-7F0F-441D-8B8F-5BA890E648E4}.Release|Any CPU.Build.0 = Release|Any CPU
	EndGlobalSection
	GlobalSection(SolutionProperties) = preSolution
		HideSolutionNode = FALSE
	EndGlobalSection
	GlobalSection(ExtensibilityGlobals) = postSolution
		SolutionGuid = {EA9961BC-85C8-4B62-A210-32D47D77BEC3}
	EndGlobalSection
EndGlobal
